// !$*UTF8*$!
{
	archiveVersion = 1;
	classes = {
	};
	objectVersion = 50;
	objects = {

/* Begin PBXBuildFile section */
		99CC199126823076006D7D01 /* airports.json in Resources */ = {isa = PBXBuildFile; fileRef = 99CC199026823076006D7D01 /* airports.json */; };
		99CC19942682307F006D7D01 /* cities.json in Resources */ = {isa = PBXBuildFile; fileRef = 99CC19932682307F006D7D01 /* cities.json */; };
		99CC199726823086006D7D01 /* countries.json in Resources */ = {isa = PBXBuildFile; fileRef = 99CC199626823085006D7D01 /* countries.json */; };
		99CC199C268230F5006D7D01 /* SecondViewController.m in Sources */ = {isa = PBXBuildFile; fileRef = 99CC199B268230F5006D7D01 /* SecondViewController.m */; };
		99CC19A226824FBC006D7D01 /* Country.m in Sources */ = {isa = PBXBuildFile; fileRef = 99CC19A126824FBC006D7D01 /* Country.m */; };
		99CC19A726825242006D7D01 /* City.m in Sources */ = {isa = PBXBuildFile; fileRef = 99CC19A626825242006D7D01 /* City.m */; };
		99CDBA362682668300C924E2 /* Airport.m in Sources */ = {isa = PBXBuildFile; fileRef = 99CDBA352682668300C924E2 /* Airport.m */; };
		99CDBA3A26826DB900C924E2 /* DataManager.m in Sources */ = {isa = PBXBuildFile; fileRef = 99CDBA3926826DB900C924E2 /* DataManager.m */; };
		99E8C33626822A8C007A63EB /* AppDelegate.m in Sources */ = {isa = PBXBuildFile; fileRef = 99E8C33526822A8C007A63EB /* AppDelegate.m */; };
		99E8C33926822A8C007A63EB /* SceneDelegate.m in Sources */ = {isa = PBXBuildFile; fileRef = 99E8C33826822A8C007A63EB /* SceneDelegate.m */; };
		99E8C33C26822A8C007A63EB /* MainViewController.m in Sources */ = {isa = PBXBuildFile; fileRef = 99E8C33B26822A8C007A63EB /* MainViewController.m */; };
		99E8C34126822A8D007A63EB /* Assets.xcassets in Resources */ = {isa = PBXBuildFile; fileRef = 99E8C34026822A8D007A63EB /* Assets.xcassets */; };
		99E8C34426822A8D007A63EB /* LaunchScreen.storyboard in Resources */ = {isa = PBXBuildFile; fileRef = 99E8C34226822A8D007A63EB /* LaunchScreen.storyboard */; };
		99E8C34726822A8D007A63EB /* main.m in Sources */ = {isa = PBXBuildFile; fileRef = 99E8C34626822A8D007A63EB /* main.m */; };
/* End PBXBuildFile section */

/* Begin PBXFileReference section */
		99CC199026823076006D7D01 /* airports.json */ = {isa = PBXFileReference; fileEncoding = 4; lastKnownFileType = text.json; path = airports.json; sourceTree = "<group>"; };
		99CC19932682307F006D7D01 /* cities.json */ = {isa = PBXFileReference; fileEncoding = 4; lastKnownFileType = text.json; path = cities.json; sourceTree = "<group>"; };
		99CC199626823085006D7D01 /* countries.json */ = {isa = PBXFileReference; fileEncoding = 4; lastKnownFileType = text.json; path = countries.json; sourceTree = "<group>"; };
		99CC199A268230F5006D7D01 /* SecondViewController.h */ = {isa = PBXFileReference; lastKnownFileType = sourcecode.c.h; path = SecondViewController.h; sourceTree = "<group>"; };
		99CC199B268230F5006D7D01 /* SecondViewController.m */ = {isa = PBXFileReference; lastKnownFileType = sourcecode.c.objc; path = SecondViewController.m; sourceTree = "<group>"; };
		99CC19A026824FBC006D7D01 /* Country.h */ = {isa = PBXFileReference; lastKnownFileType = sourcecode.c.h; path = Country.h; sourceTree = "<group>"; };
		99CC19A126824FBC006D7D01 /* Country.m */ = {isa = PBXFileReference; lastKnownFileType = sourcecode.c.objc; path = Country.m; sourceTree = "<group>"; };
		99CC19A526825242006D7D01 /* City.h */ = {isa = PBXFileReference; lastKnownFileType = sourcecode.c.h; path = City.h; sourceTree = "<group>"; };
		99CC19A626825242006D7D01 /* City.m */ = {isa = PBXFileReference; lastKnownFileType = sourcecode.c.objc; path = City.m; sourceTree = "<group>"; };
		99CDBA342682668300C924E2 /* Airport.h */ = {isa = PBXFileReference; lastKnownFileType = sourcecode.c.h; path = Airport.h; sourceTree = "<group>"; };
		99CDBA352682668300C924E2 /* Airport.m */ = {isa = PBXFileReference; lastKnownFileType = sourcecode.c.objc; path = Airport.m; sourceTree = "<group>"; };
		99CDBA3826826DB900C924E2 /* DataManager.h */ = {isa = PBXFileReference; lastKnownFileType = sourcecode.c.h; path = DataManager.h; sourceTree = "<group>"; };
		99CDBA3926826DB900C924E2 /* DataManager.m */ = {isa = PBXFileReference; lastKnownFileType = sourcecode.c.objc; path = DataManager.m; sourceTree = "<group>"; };
		99E8C33126822A8C007A63EB /* App_Airport.app */ = {isa = PBXFileReference; explicitFileType = wrapper.application; includeInIndex = 0; path = App_Airport.app; sourceTree = BUILT_PRODUCTS_DIR; };
		99E8C33426822A8C007A63EB /* AppDelegate.h */ = {isa = PBXFileReference; lastKnownFileType = sourcecode.c.h; path = AppDelegate.h; sourceTree = "<group>"; };
		99E8C33526822A8C007A63EB /* AppDelegate.m */ = {isa = PBXFileReference; lastKnownFileType = sourcecode.c.objc; path = AppDelegate.m; sourceTree = "<group>"; };
		99E8C33726822A8C007A63EB /* SceneDelegate.h */ = {isa = PBXFileReference; lastKnownFileType = sourcecode.c.h; path = SceneDelegate.h; sourceTree = "<group>"; };
		99E8C33826822A8C007A63EB /* SceneDelegate.m */ = {isa = PBXFileReference; lastKnownFileType = sourcecode.c.objc; path = SceneDelegate.m; sourceTree = "<group>"; };
		99E8C33A26822A8C007A63EB /* MainViewController.h */ = {isa = PBXFileReference; lastKnownFileType = sourcecode.c.h; path = MainViewController.h; sourceTree = "<group>"; };
		99E8C33B26822A8C007A63EB /* MainViewController.m */ = {isa = PBXFileReference; lastKnownFileType = sourcecode.c.objc; path = MainViewController.m; sourceTree = "<group>"; };
		99E8C34026822A8D007A63EB /* Assets.xcassets */ = {isa = PBXFileReference; lastKnownFileType = folder.assetcatalog; path = Assets.xcassets; sourceTree = "<group>"; };
		99E8C34326822A8D007A63EB /* Base */ = {isa = PBXFileReference; lastKnownFileType = file.storyboard; name = Base; path = Base.lproj/LaunchScreen.storyboard; sourceTree = "<group>"; };
		99E8C34526822A8D007A63EB /* Info.plist */ = {isa = PBXFileReference; lastKnownFileType = text.plist.xml; path = Info.plist; sourceTree = "<group>"; };
		99E8C34626822A8D007A63EB /* main.m */ = {isa = PBXFileReference; lastKnownFileType = sourcecode.c.objc; path = main.m; sourceTree = "<group>"; };
/* End PBXFileReference section */

/* Begin PBXFrameworksBuildPhase section */
		99E8C32E26822A8C007A63EB /* Frameworks */ = {
			isa = PBXFrameworksBuildPhase;
			buildActionMask = 2147483647;
			files = (
			);
			runOnlyForDeploymentPostprocessing = 0;
		};
/* End PBXFrameworksBuildPhase section */

/* Begin PBXGroup section */
		99CC199F26824F28006D7D01 /* Model */ = {
			isa = PBXGroup;
			children = (
				99CDBA3826826DB900C924E2 /* DataManager.h */,
				99CDBA3926826DB900C924E2 /* DataManager.m */,
				99CC19A026824FBC006D7D01 /* Country.h */,
				99CC19A126824FBC006D7D01 /* Country.m */,
				99CC19A526825242006D7D01 /* City.h */,
				99CC19A626825242006D7D01 /* City.m */,
				99CDBA342682668300C924E2 /* Airport.h */,
				99CDBA352682668300C924E2 /* Airport.m */,
			);
			path = Model;
			sourceTree = "<group>";
		};
		99E8C32826822A8C007A63EB = {
			isa = PBXGroup;
			children = (
				99E8C33326822A8C007A63EB /* App_Airport */,
				99E8C33226822A8C007A63EB /* Products */,
			);
			sourceTree = "<group>";
		};
		99E8C33226822A8C007A63EB /* Products */ = {
			isa = PBXGroup;
			children = (
				99E8C33126822A8C007A63EB /* App_Airport.app */,
			);
			name = Products;
			sourceTree = "<group>";
		};
		99E8C33326822A8C007A63EB /* App_Airport */ = {
			isa = PBXGroup;
			children = (
				99E8C33426822A8C007A63EB /* AppDelegate.h */,
				99E8C33526822A8C007A63EB /* AppDelegate.m */,
				99E8C33726822A8C007A63EB /* SceneDelegate.h */,
				99E8C33826822A8C007A63EB /* SceneDelegate.m */,
				99CC199F26824F28006D7D01 /* Model */,
				99E8C33A26822A8C007A63EB /* MainViewController.h */,
				99E8C33B26822A8C007A63EB /* MainViewController.m */,
				99CC199A268230F5006D7D01 /* SecondViewController.h */,
				99CC199B268230F5006D7D01 /* SecondViewController.m */,
				99CC199026823076006D7D01 /* airports.json */,
				99CC19932682307F006D7D01 /* cities.json */,
				99CC199626823085006D7D01 /* countries.json */,
				99E8C34026822A8D007A63EB /* Assets.xcassets */,
				99E8C34226822A8D007A63EB /* LaunchScreen.storyboard */,
				99E8C34526822A8D007A63EB /* Info.plist */,
				99E8C34626822A8D007A63EB /* main.m */,
			);
			path = App_Airport;
			sourceTree = "<group>";
		};
/* End PBXGroup section */

/* Begin PBXNativeTarget section */
		99E8C33026822A8C007A63EB /* App_Airport */ = {
			isa = PBXNativeTarget;
			buildConfigurationList = 99E8C34A26822A8D007A63EB /* Build configuration list for PBXNativeTarget "App_Airport" */;
			buildPhases = (
				99E8C32D26822A8C007A63EB /* Sources */,
				99E8C32E26822A8C007A63EB /* Frameworks */,
				99E8C32F26822A8C007A63EB /* Resources */,
			);
			buildRules = (
			);
			dependencies = (
			);
			name = App_Airport;
			productName = App_Airport;
			productReference = 99E8C33126822A8C007A63EB /* App_Airport.app */;
			productType = "com.apple.product-type.application";
		};
/* End PBXNativeTarget section */

/* Begin PBXProject section */
		99E8C32926822A8C007A63EB /* Project object */ = {
			isa = PBXProject;
			attributes = {
				LastUpgradeCheck = 1240;
				TargetAttributes = {
					99E8C33026822A8C007A63EB = {
						CreatedOnToolsVersion = 12.4;
					};
				};
			};
			buildConfigurationList = 99E8C32C26822A8C007A63EB /* Build configuration list for PBXProject "App_Airport" */;
			compatibilityVersion = "Xcode 9.3";
			developmentRegion = en;
			hasScannedForEncodings = 0;
			knownRegions = (
				en,
				Base,
			);
			mainGroup = 99E8C32826822A8C007A63EB;
			productRefGroup = 99E8C33226822A8C007A63EB /* Products */;
			projectDirPath = "";
			projectRoot = "";
			targets = (
				99E8C33026822A8C007A63EB /* App_Airport */,
			);
		};
/* End PBXProject section */

/* Begin PBXResourcesBuildPhase section */
		99E8C32F26822A8C007A63EB /* Resources */ = {
			isa = PBXResourcesBuildPhase;
			buildActionMask = 2147483647;
			files = (
				99CC199726823086006D7D01 /* countries.json in Resources */,
				99E8C34426822A8D007A63EB /* LaunchScreen.storyboard in Resources */,
				99CC19942682307F006D7D01 /* cities.json in Resources */,
				99CC199126823076006D7D01 /* airports.json in Resources */,
				99E8C34126822A8D007A63EB /* Assets.xcassets in Resources */,
			);
			runOnlyForDeploymentPostprocessing = 0;
		};
/* End PBXResourcesBuildPhase section */

/* Begin PBXSourcesBuildPhase section */
		99E8C32D26822A8C007A63EB /* Sources */ = {
			isa = PBXSourcesBuildPhase;
			buildActionMask = 2147483647;
			files = (
				99CC199C268230F5006D7D01 /* SecondViewController.m in Sources */,
				99E8C33C26822A8C007A63EB /* MainViewController.m in Sources */,
				99E8C33626822A8C007A63EB /* AppDelegate.m in Sources */,
				99E8C34726822A8D007A63EB /* main.m in Sources */,
				99CC19A226824FBC006D7D01 /* Country.m in Sources */,
				99CDBA362682668300C924E2 /* Airport.m in Sources */,
				99CC19A726825242006D7D01 /* City.m in Sources */,
				99CDBA3A26826DB900C924E2 /* DataManager.m in Sources */,
				99E8C33926822A8C007A63EB /* SceneDelegate.m in Sources */,
			);
			runOnlyForDeploymentPostprocessing = 0;
		};
/* End PBXSourcesBuildPhase section */

/* Begin PBXVariantGroup section */
		99E8C34226822A8D007A63EB /* LaunchScreen.storyboard */ = {
			isa = PBXVariantGroup;
			children = (
				99E8C34326822A8D007A63EB /* Base */,
			);
			name = LaunchScreen.storyboard;
			sourceTree = "<group>";
		};
/* End PBXVariantGroup section */

/* Begin XCBuildConfiguration section */
		99E8C34826822A8D007A63EB /* Debug */ = {
			isa = XCBuildConfiguration;
			buildSettings = {
				ALWAYS_SEARCH_USER_PATHS = NO;
				CLANG_ANALYZER_NONNULL = YES;
				CLANG_ANALYZER_NUMBER_OBJECT_CONVERSION = YES_AGGRESSIVE;
				CLANG_CXX_LANGUAGE_STANDARD = "gnu++14";
				CLANG_CXX_LIBRARY = "libc++";
				CLANG_ENABLE_MODULES = YES;
				CLANG_ENABLE_OBJC_ARC = YES;
				CLANG_ENABLE_OBJC_WEAK = YES;
				CLANG_WARN_BLOCK_CAPTURE_AUTORELEASING = YES;
				CLANG_WARN_BOOL_CONVERSION = YES;
				CLANG_WARN_COMMA = YES;
				CLANG_WARN_CONSTANT_CONVERSION = YES;
				CLANG_WARN_DEPRECATED_OBJC_IMPLEMENTATIONS = YES;
				CLANG_WARN_DIRECT_OBJC_ISA_USAGE = YES_ERROR;
				CLANG_WARN_DOCUMENTATION_COMMENTS = YES;
				CLANG_WARN_EMPTY_BODY = YES;
				CLANG_WARN_ENUM_CONVERSION = YES;
				CLANG_WARN_INFINITE_RECURSION = YES;
				CLANG_WARN_INT_CONVERSION = YES;
				CLANG_WARN_NON_LITERAL_NULL_CONVERSION = YES;
				CLANG_WARN_OBJC_IMPLICIT_RETAIN_SELF = YES;
				CLANG_WARN_OBJC_LITERAL_CONVERSION = YES;
				CLANG_WARN_OBJC_ROOT_CLASS = YES_ERROR;
				CLANG_WARN_QUOTED_INCLUDE_IN_FRAMEWORK_HEADER = YES;
				CLANG_WARN_RANGE_LOOP_ANALYSIS = YES;
				CLANG_WARN_STRICT_PROTOTYPES = YES;
				CLANG_WARN_SUSPICIOUS_MOVE = YES;
				CLANG_WARN_UNGUARDED_AVAILABILITY = YES_AGGRESSIVE;
				CLANG_WARN_UNREACHABLE_CODE = YES;
				CLANG_WARN__DUPLICATE_METHOD_MATCH = YES;
				COPY_PHASE_STRIP = NO;
				DEBUG_INFORMATION_FORMAT = dwarf;
				ENABLE_STRICT_OBJC_MSGSEND = YES;
				ENABLE_TESTABILITY = YES;
				GCC_C_LANGUAGE_STANDARD = gnu11;
				GCC_DYNAMIC_NO_PIC = NO;
				GCC_NO_COMMON_BLOCKS = YES;
				GCC_OPTIMIZATION_LEVEL = 0;
				GCC_PREPROCESSOR_DEFINITIONS = (
					"DEBUG=1",
					"$(inherited)",
				);
				GCC_WARN_64_TO_32_BIT_CONVERSION = YES;
				GCC_WARN_ABOUT_RETURN_TYPE = YES_ERROR;
				GCC_WARN_UNDECLARED_SELECTOR = YES;
				GCC_WARN_UNINITIALIZED_AUTOS = YES_AGGRESSIVE;
				GCC_WARN_UNUSED_FUNCTION = YES;
				GCC_WARN_UNUSED_VARIABLE = YES;
				IPHONEOS_DEPLOYMENT_TARGET = 14.4;
				MTL_ENABLE_DEBUG_INFO = INCLUDE_SOURCE;
				MTL_FAST_MATH = YES;
				ONLY_ACTIVE_ARCH = YES;
				SDKROOT = iphoneos;
			};
			name = Debug;
		};
		99E8C34926822A8D007A63EB /* Release */ = {
			isa = XCBuildConfiguration;
			buildSettings = {
				ALWAYS_SEARCH_USER_PATHS = NO;
				CLANG_ANALYZER_NONNULL = YES;
				CLANG_ANALYZER_NUMBER_OBJECT_CONVERSION = YES_AGGRESSIVE;
				CLANG_CXX_LANGUAGE_STANDARD = "gnu++14";
				CLANG_CXX_LIBRARY = "libc++";
				CLANG_ENABLE_MODULES = YES;
				CLANG_ENABLE_OBJC_ARC = YES;
				CLANG_ENABLE_OBJC_WEAK = YES;
				CLANG_WARN_BLOCK_CAPTURE_AUTORELEASING = YES;
				CLANG_WARN_BOOL_CONVERSION = YES;
				CLANG_WARN_COMMA = YES;
				CLANG_WARN_CONSTANT_CONVERSION = YES;
				CLANG_WARN_DEPRECATED_OBJC_IMPLEMENTATIONS = YES;
				CLANG_WARN_DIRECT_OBJC_ISA_USAGE = YES_ERROR;
				CLANG_WARN_DOCUMENTATION_COMMENTS = YES;
				CLANG_WARN_EMPTY_BODY = YES;
				CLANG_WARN_ENUM_CONVERSION = YES;
				CLANG_WARN_INFINITE_RECURSION = YES;
				CLANG_WARN_INT_CONVERSION = YES;
				CLANG_WARN_NON_LITERAL_NULL_CONVERSION = YES;
				CLANG_WARN_OBJC_IMPLICIT_RETAIN_SELF = YES;
				CLANG_WARN_OBJC_LITERAL_CONVERSION = YES;
				CLANG_WARN_OBJC_ROOT_CLASS = YES_ERROR;
				CLANG_WARN_QUOTED_INCLUDE_IN_FRAMEWORK_HEADER = YES;
				CLANG_WARN_RANGE_LOOP_ANALYSIS = YES;
				CLANG_WARN_STRICT_PROTOTYPES = YES;
				CLANG_WARN_SUSPICIOUS_MOVE = YES;
				CLANG_WARN_UNGUARDED_AVAILABILITY = YES_AGGRESSIVE;
				CLANG_WARN_UNREACHABLE_CODE = YES;
				CLANG_WARN__DUPLICATE_METHOD_MATCH = YES;
				COPY_PHASE_STRIP = NO;
				DEBUG_INFORMATION_FORMAT = "dwarf-with-dsym";
				ENABLE_NS_ASSERTIONS = NO;
				ENABLE_STRICT_OBJC_MSGSEND = YES;
				GCC_C_LANGUAGE_STANDARD = gnu11;
				GCC_NO_COMMON_BLOCKS = YES;
				GCC_WARN_64_TO_32_BIT_CONVERSION = YES;
				GCC_WARN_ABOUT_RETURN_TYPE = YES_ERROR;
				GCC_WARN_UNDECLARED_SELECTOR = YES;
				GCC_WARN_UNINITIALIZED_AUTOS = YES_AGGRESSIVE;
				GCC_WARN_UNUSED_FUNCTION = YES;
				GCC_WARN_UNUSED_VARIABLE = YES;
				IPHONEOS_DEPLOYMENT_TARGET = 14.4;
				MTL_ENABLE_DEBUG_INFO = NO;
				MTL_FAST_MATH = YES;
				SDKROOT = iphoneos;
				VALIDATE_PRODUCT = YES;
			};
			name = Release;
		};
		99E8C34B26822A8D007A63EB /* Debug */ = {
			isa = XCBuildConfiguration;
			buildSettings = {
				ASSETCATALOG_COMPILER_APPICON_NAME = AppIcon;
				ASSETCATALOG_COMPILER_GLOBAL_ACCENT_COLOR_NAME = AccentColor;
				CODE_SIGN_STYLE = Automatic;
				INFOPLIST_FILE = App_Airport/Info.plist;
				LD_RUNPATH_SEARCH_PATHS = (
					"$(inherited)",
					"@executable_path/Frameworks",
				);
				PRODUCT_BUNDLE_IDENTIFIER = "Task-list.App-Airport";
				PRODUCT_NAME = "$(TARGET_NAME)";
				TARGETED_DEVICE_FAMILY = "1,2";
			};
			name = Debug;
		};
		99E8C34C26822A8D007A63EB /* Release */ = {
			isa = XCBuildConfiguration;
			buildSettings = {
				ASSETCATALOG_COMPILER_APPICON_NAME = AppIcon;
				ASSETCATALOG_COMPILER_GLOBAL_ACCENT_COLOR_NAME = AccentColor;
				CODE_SIGN_STYLE = Automatic;
				INFOPLIST_FILE = App_Airport/Info.plist;
				LD_RUNPATH_SEARCH_PATHS = (
					"$(inherited)",
					"@executable_path/Frameworks",
				);
				PRODUCT_BUNDLE_IDENTIFIER = "Task-list.App-Airport";
				PRODUCT_NAME = "$(TARGET_NAME)";
				TARGETED_DEVICE_FAMILY = "1,2";
			};
			name = Release;
		};
/* End XCBuildConfiguration section */

/* Begin XCConfigurationList section */
		99E8C32C26822A8C007A63EB /* Build configuration list for PBXProject "App_Airport" */ = {
			isa = XCConfigurationList;
			buildConfigurations = (
				99E8C34826822A8D007A63EB /* Debug */,
				99E8C34926822A8D007A63EB /* Release */,
			);
			defaultConfigurationIsVisible = 0;
			defaultConfigurationName = Release;
		};
		99E8C34A26822A8D007A63EB /* Build configuration list for PBXNativeTarget "App_Airport" */ = {
			isa = XCConfigurationList;
			buildConfigurations = (
				99E8C34B26822A8D007A63EB /* Debug */,
				99E8C34C26822A8D007A63EB /* Release */,
			);
			defaultConfigurationIsVisible = 0;
			defaultConfigurationName = Release;
		};
/* End XCConfigurationList section */
	};
	rootObject = 99E8C32926822A8C007A63EB /* Project object */;
}
